
Microsoft Visual Studio Solution File, Format Version 12.00
# Visual Studio Version 17
VisualStudioVersion = 17.2.32526.322
MinimumVisualStudioVersion = 10.0.40219.1
Project("{FAE04EC0-301F-11D3-BF4B-00C04F79EFBC}") = "ChallengeSnopp.Core", "ChallengeSnopp.Core\ChallengeSnopp.Core.csproj", "{4325C727-0A88-4F56-BB69-F070C7995A95}"
EndProject
Project("{FAE04EC0-301F-11D3-BF4B-00C04F79EFBC}") = "ChallengeSnoop.Infraestructure", "ChallengeSnoop.Infraestructure\ChallengeSnoop.Infraestructure.csproj", "{27D516D7-F873-46D1-9852-8B8A5E02EBEF}"
EndProject
Project("{FAE04EC0-301F-11D3-BF4B-00C04F79EFBC}") = "ChallengeSnoop.Api", "ChallengeSnoop.Api\ChallengeSnoop.Api.csproj", "{DBA5876D-CCC7-4052-959D-18D7ED67FA75}"
EndProject
Global
	GlobalSection(SolutionConfigurationPlatforms) = preSolution
		Debug|Any CPU = Debug|Any CPU
		Release|Any CPU = Release|Any CPU
	EndGlobalSection
	GlobalSection(ProjectConfigurationPlatforms) = postSolution
		{4325C727-0A88-4F56-BB69-F070C7995A95}.Debug|Any CPU.ActiveCfg = Debug|Any CPU
		{4325C727-0A88-4F56-BB69-F070C7995A95}.Debug|Any CPU.Build.0 = Debug|Any CPU
		{4325C727-0A88-4F56-BB69-F070C7995A95}.Release|Any CPU.ActiveCfg = Release|Any CPU
		{4325C727-0A88-4F56-BB69-F070C7995A95}.Release|Any CPU.Build.0 = Release|Any CPU
		{27D516D7-F873-46D1-9852-8B8A5E02EBEF}.Debug|Any CPU.ActiveCfg = Debug|Any CPU
		{27D516D7-F873-46D1-9852-8B8A5E02EBEF}.Debug|Any CPU.Build.0 = Debug|Any CPU
		{27D516D7-F873-46D1-9852-8B8A5E02EBEF}.Release|Any CPU.ActiveCfg = Release|Any CPU
		{27D516D7-F873-46D1-9852-8B8A5E02EBEF}.Release|Any CPU.Build.0 = Release|Any CPU
		{DBA5876D-CCC7-4052-959D-18D7ED67FA75}.Debug|Any CPU.ActiveCfg = Debug|Any CPU
		{DBA5876D-CCC7-4052-959D-18D7ED67FA75}.Debug|Any CPU.Build.0 = Debug|Any CPU
		{DBA5876D-CCC7-4052-959D-18D7ED67FA75}.Release|Any CPU.ActiveCfg = Release|Any CPU
		{DBA5876D-CCC7-4052-959D-18D7ED67FA75}.Release|Any CPU.Build.0 = Release|Any CPU
	EndGlobalSection
	GlobalSection(SolutionProperties) = preSolution
		HideSolutionNode = FALSE
	EndGlobalSection
	GlobalSection(ExtensibilityGlobals) = postSolution
		SolutionGuid = {EBD866F3-5998-403E-874C-FDB812C79112}
	EndGlobalSection
EndGlobal
